// !$*UTF8*$!
{
	archiveVersion = 1;
	classes = {
	};
	objectVersion = 56;
	objects = {

/* Begin PBXBuildFile section */
		960C6B4B2B7B35E400D91407 /* Vocabulary.storyboard in Resources */ = {isa = PBXBuildFile; fileRef = 960C6B4A2B7B35E400D91407 /* Vocabulary.storyboard */; };
		960C6B4D2B7B35F500D91407 /* VocabularyViewController.swift in Sources */ = {isa = PBXBuildFile; fileRef = 960C6B4C2B7B35F500D91407 /* VocabularyViewController.swift */; };
		960C6B4F2B7B369600D91407 /* KanjiViewController.swift in Sources */ = {isa = PBXBuildFile; fileRef = 960C6B4E2B7B369600D91407 /* KanjiViewController.swift */; };
		960C6B512B7B369E00D91407 /* Kanji.storyboard in Resources */ = {isa = PBXBuildFile; fileRef = 960C6B502B7B369E00D91407 /* Kanji.storyboard */; };
		960C6B572B7B3FE900D91407 /* JSONManager.swift in Sources */ = {isa = PBXBuildFile; fileRef = 960C6B562B7B3FE900D91407 /* JSONManager.swift */; };
		960C6B822B7B49FB00D91407 /* kanji7.json in Resources */ = {isa = PBXBuildFile; fileRef = 960C6B7B2B7B49FB00D91407 /* kanji7.json */; };
		960C6B832B7B49FB00D91407 /* kanji2.json in Resources */ = {isa = PBXBuildFile; fileRef = 960C6B7C2B7B49FB00D91407 /* kanji2.json */; };
		960C6B842B7B49FB00D91407 /* kanji1.json in Resources */ = {isa = PBXBuildFile; fileRef = 960C6B7D2B7B49FB00D91407 /* kanji1.json */; };
		960C6B852B7B49FB00D91407 /* kanji3.json in Resources */ = {isa = PBXBuildFile; fileRef = 960C6B7E2B7B49FB00D91407 /* kanji3.json */; };
		960C6B862B7B49FB00D91407 /* kanji5.json in Resources */ = {isa = PBXBuildFile; fileRef = 960C6B7F2B7B49FB00D91407 /* kanji5.json */; };
		960C6B872B7B49FB00D91407 /* kanji4.json in Resources */ = {isa = PBXBuildFile; fileRef = 960C6B802B7B49FB00D91407 /* kanji4.json */; };
		960C6B882B7B49FB00D91407 /* kanji6.json in Resources */ = {isa = PBXBuildFile; fileRef = 960C6B812B7B49FB00D91407 /* kanji6.json */; };
		960C6B8B2B7B865700D91407 /* UserDefaultManager.swift in Sources */ = {isa = PBXBuildFile; fileRef = 960C6B8A2B7B865700D91407 /* UserDefaultManager.swift */; };
		9611091B2BAFE3F800AF4C45 /* TTSManager.swift in Sources */ = {isa = PBXBuildFile; fileRef = 9611091A2BAFE3F800AF4C45 /* TTSManager.swift */; };
		96269D7E2B9AAA060063AF33 /* VocabularyDay.storyboard in Resources */ = {isa = PBXBuildFile; fileRef = 96269D7D2B9AAA060063AF33 /* VocabularyDay.storyboard */; };
		96269D802B9AAA180063AF33 /* VocabularyDayViewController.swift in Sources */ = {isa = PBXBuildFile; fileRef = 96269D7F2B9AAA180063AF33 /* VocabularyDayViewController.swift */; };
		96269D962B9AD77B0063AF33 /* KanjiDayViewController.swift in Sources */ = {isa = PBXBuildFile; fileRef = 96269D952B9AD77B0063AF33 /* KanjiDayViewController.swift */; };
		96269D982B9AD7860063AF33 /* KanjiDay.storyboard in Resources */ = {isa = PBXBuildFile; fileRef = 96269D972B9AD7860063AF33 /* KanjiDay.storyboard */; };
		962F1B9B2B79DCD10051C4DA /* AppDelegate.swift in Sources */ = {isa = PBXBuildFile; fileRef = 962F1B9A2B79DCD10051C4DA /* AppDelegate.swift */; };
		962F1BA42B79DCD20051C4DA /* Assets.xcassets in Resources */ = {isa = PBXBuildFile; fileRef = 962F1BA32B79DCD20051C4DA /* Assets.xcassets */; };
		962F1BA72B79DCD20051C4DA /* LaunchScreen.storyboard in Resources */ = {isa = PBXBuildFile; fileRef = 962F1BA52B79DCD20051C4DA /* LaunchScreen.storyboard */; };
		962F1BB22B79DCD30051C4DA /* JapaneseBenkyoTests.swift in Sources */ = {isa = PBXBuildFile; fileRef = 962F1BB12B79DCD30051C4DA /* JapaneseBenkyoTests.swift */; };
		962F1BBC2B79DCD30051C4DA /* JapaneseBenkyoUITests.swift in Sources */ = {isa = PBXBuildFile; fileRef = 962F1BBB2B79DCD30051C4DA /* JapaneseBenkyoUITests.swift */; };
		962F1BBE2B79DCD30051C4DA /* JapaneseBenkyoUITestsLaunchTests.swift in Sources */ = {isa = PBXBuildFile; fileRef = 962F1BBD2B79DCD30051C4DA /* JapaneseBenkyoUITestsLaunchTests.swift */; };
		962F1BE32B79DFB60051C4DA /* Main.storyboard in Resources */ = {isa = PBXBuildFile; fileRef = 962F1BE22B79DFB60051C4DA /* Main.storyboard */; };
		962F1BE52B79DFD00051C4DA /* MainViewController.swift in Sources */ = {isa = PBXBuildFile; fileRef = 962F1BE42B79DFD00051C4DA /* MainViewController.swift */; };
		964AA5F52B79E7D1007DE504 /* CustomTableViewCell.xib in Resources */ = {isa = PBXBuildFile; fileRef = 964AA5F32B79E7D1007DE504 /* CustomTableViewCell.xib */; };
		964AA5F62B79E7D1007DE504 /* CustomTableViewCell.swift in Sources */ = {isa = PBXBuildFile; fileRef = 964AA5F42B79E7D1007DE504 /* CustomTableViewCell.swift */; };
		964AA5F92B79E80B007DE504 /* UIViewController+Ext.swift in Sources */ = {isa = PBXBuildFile; fileRef = 964AA5F82B79E80B007DE504 /* UIViewController+Ext.swift */; };
		9658D1FD2B9EABEA001A6A7E /* VocabularyTableDataSource.swift in Sources */ = {isa = PBXBuildFile; fileRef = 9658D1FC2B9EABEA001A6A7E /* VocabularyTableDataSource.swift */; };
		9658D1FF2B9EC488001A6A7E /* VocabularyTest.storyboard in Resources */ = {isa = PBXBuildFile; fileRef = 9658D1FE2B9EC488001A6A7E /* VocabularyTest.storyboard */; };
		9658D2012B9EC497001A6A7E /* VocabularyTestViewController.swift in Sources */ = {isa = PBXBuildFile; fileRef = 9658D2002B9EC497001A6A7E /* VocabularyTestViewController.swift */; };
		969493522B7DDE140064312F /* Vocabulary.swift in Sources */ = {isa = PBXBuildFile; fileRef = 969493512B7DDE140064312F /* Vocabulary.swift */; };
		969493562B7DE7210064312F /* VocabularyStudyViewController.swift in Sources */ = {isa = PBXBuildFile; fileRef = 969493552B7DE7210064312F /* VocabularyStudyViewController.swift */; };
		969493582B7DE7310064312F /* VocabularyStudy.storyboard in Resources */ = {isa = PBXBuildFile; fileRef = 969493572B7DE7310064312F /* VocabularyStudy.storyboard */; };
		9694935B2B7DE78B0064312F /* VocabularyTableViewCell.xib in Resources */ = {isa = PBXBuildFile; fileRef = 969493592B7DE78B0064312F /* VocabularyTableViewCell.xib */; };
		9694935C2B7DE78B0064312F /* VocabularyTableViewCell.swift in Sources */ = {isa = PBXBuildFile; fileRef = 9694935A2B7DE78B0064312F /* VocabularyTableViewCell.swift */; };
		96A35C742BA5B97D00D7B4F9 /* KanjiTestViewController.swift in Sources */ = {isa = PBXBuildFile; fileRef = 96A35C732BA5B97D00D7B4F9 /* KanjiTestViewController.swift */; };
		96A35C762BA5B98D00D7B4F9 /* KanjiTestResultViewController.swift in Sources */ = {isa = PBXBuildFile; fileRef = 96A35C752BA5B98D00D7B4F9 /* KanjiTestResultViewController.swift */; };
		96A35C782BA5BB4F00D7B4F9 /* CommonConstant.swift in Sources */ = {isa = PBXBuildFile; fileRef = 96A35C772BA5BB4F00D7B4F9 /* CommonConstant.swift */; };
		96A35C7A2BA5BEDF00D7B4F9 /* KanjiTableDataSource.swift in Sources */ = {isa = PBXBuildFile; fileRef = 96A35C792BA5BEDF00D7B4F9 /* KanjiTableDataSource.swift */; };
		96A35C7C2BA5D29A00D7B4F9 /* KanjiTest.storyboard in Resources */ = {isa = PBXBuildFile; fileRef = 96A35C7B2BA5D29A00D7B4F9 /* KanjiTest.storyboard */; };
		96A35C7E2BA5D66500D7B4F9 /* KanjiTestResult.storyboard in Resources */ = {isa = PBXBuildFile; fileRef = 96A35C7D2BA5D66500D7B4F9 /* KanjiTestResult.storyboard */; };
		96AD6B732B79FDD700F895DE /* KanjiStudyViewController.swift in Sources */ = {isa = PBXBuildFile; fileRef = 96AD6B722B79FDD700F895DE /* KanjiStudyViewController.swift */; };
		96AD6B752B79FDDF00F895DE /* KanjiStudy.storyboard in Resources */ = {isa = PBXBuildFile; fileRef = 96AD6B742B79FDDF00F895DE /* KanjiStudy.storyboard */; };
		96BA5ABB2BA0A14F00E3373C /* appicon.png in Resources */ = {isa = PBXBuildFile; fileRef = 96BA5ABA2BA0A14F00E3373C /* appicon.png */; };
		96BA5ABE2BA0A65800E3373C /* VocabularyTestResultViewController.swift in Sources */ = {isa = PBXBuildFile; fileRef = 96BA5ABD2BA0A65800E3373C /* VocabularyTestResultViewController.swift */; };
		96BA5AC02BA0A66B00E3373C /* VocabularyTestResult.storyboard in Resources */ = {isa = PBXBuildFile; fileRef = 96BA5ABF2BA0A66B00E3373C /* VocabularyTestResult.storyboard */; };
		96BA5AC22BA2BB6B00E3373C /* UINavigationController+Ext.swift in Sources */ = {isa = PBXBuildFile; fileRef = 96BA5AC12BA2BB6B00E3373C /* UINavigationController+Ext.swift */; };
		96BA5B042BA2CF3700E3373C /* n3.json in Resources */ = {isa = PBXBuildFile; fileRef = 96BA5AFF2BA2CF3700E3373C /* n3.json */; };
		96BA5B052BA2CF3700E3373C /* n4.json in Resources */ = {isa = PBXBuildFile; fileRef = 96BA5B002BA2CF3700E3373C /* n4.json */; };
		96BA5B062BA2CF3700E3373C /* n1.json in Resources */ = {isa = PBXBuildFile; fileRef = 96BA5B012BA2CF3700E3373C /* n1.json */; };
		96BA5B072BA2CF3700E3373C /* n5.json in Resources */ = {isa = PBXBuildFile; fileRef = 96BA5B022BA2CF3700E3373C /* n5.json */; };
		96BA5B082BA2CF3700E3373C /* n2.json in Resources */ = {isa = PBXBuildFile; fileRef = 96BA5B032BA2CF3700E3373C /* n2.json */; };
		96BA5B0A2BA2CFBA00E3373C /* launchscreen.png in Resources */ = {isa = PBXBuildFile; fileRef = 96BA5B092BA2CFBA00E3373C /* launchscreen.png */; };
		96C174192BB590EF006775E5 /* ExpandableAreaView.swift in Sources */ = {isa = PBXBuildFile; fileRef = 96C174172BB590EF006775E5 /* ExpandableAreaView.swift */; };
		96C1741A2BB590EF006775E5 /* ExpandableAreaView.xib in Resources */ = {isa = PBXBuildFile; fileRef = 96C174182BB590EF006775E5 /* ExpandableAreaView.xib */; };
		96C1741C2BB5AF13006775E5 /* UIStackView+Ext.swift in Sources */ = {isa = PBXBuildFile; fileRef = 96C1741B2BB5AF13006775E5 /* UIStackView+Ext.swift */; };
		96CD34EE2BA3D1CA006F6523 /* kanji.png in Resources */ = {isa = PBXBuildFile; fileRef = 96CD34ED2BA3D1CA006F6523 /* kanji.png */; };
		96CD34F02BA3D1D7006F6523 /* hiragana.png in Resources */ = {isa = PBXBuildFile; fileRef = 96CD34EF2BA3D1D7006F6523 /* hiragana.png */; };
		96D9A8472B7C85530042E2DA /* KanjiTableViewCell.swift in Sources */ = {isa = PBXBuildFile; fileRef = 96D9A8462B7C85530042E2DA /* KanjiTableViewCell.swift */; };
		96D9A8492B7CD9160042E2DA /* Kanji.swift in Sources */ = {isa = PBXBuildFile; fileRef = 96D9A8482B7CD9160042E2DA /* Kanji.swift */; };
		96D9A8522B7CDB440042E2DA /* KanjiTableViewCell.xib in Resources */ = {isa = PBXBuildFile; fileRef = 96D9A8512B7CDB440042E2DA /* KanjiTableViewCell.xib */; };
/* End PBXBuildFile section */

/* Begin PBXContainerItemProxy section */
		962F1BAE2B79DCD30051C4DA /* PBXContainerItemProxy */ = {
			isa = PBXContainerItemProxy;
			containerPortal = 962F1B8F2B79DCD10051C4DA /* Project object */;
			proxyType = 1;
			remoteGlobalIDString = 962F1B962B79DCD10051C4DA;
			remoteInfo = JapaneseBenkyo;
		};
		962F1BB82B79DCD30051C4DA /* PBXContainerItemProxy */ = {
			isa = PBXContainerItemProxy;
			containerPortal = 962F1B8F2B79DCD10051C4DA /* Project object */;
			proxyType = 1;
			remoteGlobalIDString = 962F1B962B79DCD10051C4DA;
			remoteInfo = JapaneseBenkyo;
		};
/* End PBXContainerItemProxy section */

/* Begin PBXFileReference section */
		960C6B4A2B7B35E400D91407 /* Vocabulary.storyboard */ = {isa = PBXFileReference; lastKnownFileType = file.storyboard; path = Vocabulary.storyboard; sourceTree = "<group>"; };
		960C6B4C2B7B35F500D91407 /* VocabularyViewController.swift */ = {isa = PBXFileReference; lastKnownFileType = sourcecode.swift; path = VocabularyViewController.swift; sourceTree = "<group>"; };
		960C6B4E2B7B369600D91407 /* KanjiViewController.swift */ = {isa = PBXFileReference; lastKnownFileType = sourcecode.swift; path = KanjiViewController.swift; sourceTree = "<group>"; };
		960C6B502B7B369E00D91407 /* Kanji.storyboard */ = {isa = PBXFileReference; lastKnownFileType = file.storyboard; path = Kanji.storyboard; sourceTree = "<group>"; };
		960C6B562B7B3FE900D91407 /* JSONManager.swift */ = {isa = PBXFileReference; lastKnownFileType = sourcecode.swift; path = JSONManager.swift; sourceTree = "<group>"; };
		960C6B7B2B7B49FB00D91407 /* kanji7.json */ = {isa = PBXFileReference; fileEncoding = 4; lastKnownFileType = text.json; path = kanji7.json; sourceTree = "<group>"; };
		960C6B7C2B7B49FB00D91407 /* kanji2.json */ = {isa = PBXFileReference; fileEncoding = 4; lastKnownFileType = text.json; path = kanji2.json; sourceTree = "<group>"; };
		960C6B7D2B7B49FB00D91407 /* kanji1.json */ = {isa = PBXFileReference; fileEncoding = 4; lastKnownFileType = text.json; path = kanji1.json; sourceTree = "<group>"; };
		960C6B7E2B7B49FB00D91407 /* kanji3.json */ = {isa = PBXFileReference; fileEncoding = 4; lastKnownFileType = text.json; path = kanji3.json; sourceTree = "<group>"; };
		960C6B7F2B7B49FB00D91407 /* kanji5.json */ = {isa = PBXFileReference; fileEncoding = 4; lastKnownFileType = text.json; path = kanji5.json; sourceTree = "<group>"; };
		960C6B802B7B49FB00D91407 /* kanji4.json */ = {isa = PBXFileReference; fileEncoding = 4; lastKnownFileType = text.json; path = kanji4.json; sourceTree = "<group>"; };
		960C6B812B7B49FB00D91407 /* kanji6.json */ = {isa = PBXFileReference; fileEncoding = 4; lastKnownFileType = text.json; path = kanji6.json; sourceTree = "<group>"; };
		960C6B8A2B7B865700D91407 /* UserDefaultManager.swift */ = {isa = PBXFileReference; lastKnownFileType = sourcecode.swift; path = UserDefaultManager.swift; sourceTree = "<group>"; };
		9611091A2BAFE3F800AF4C45 /* TTSManager.swift */ = {isa = PBXFileReference; lastKnownFileType = sourcecode.swift; path = TTSManager.swift; sourceTree = "<group>"; };
		96269D7D2B9AAA060063AF33 /* VocabularyDay.storyboard */ = {isa = PBXFileReference; lastKnownFileType = file.storyboard; path = VocabularyDay.storyboard; sourceTree = "<group>"; };
		96269D7F2B9AAA180063AF33 /* VocabularyDayViewController.swift */ = {isa = PBXFileReference; lastKnownFileType = sourcecode.swift; path = VocabularyDayViewController.swift; sourceTree = "<group>"; };
		96269D952B9AD77B0063AF33 /* KanjiDayViewController.swift */ = {isa = PBXFileReference; lastKnownFileType = sourcecode.swift; path = KanjiDayViewController.swift; sourceTree = "<group>"; };
		96269D972B9AD7860063AF33 /* KanjiDay.storyboard */ = {isa = PBXFileReference; lastKnownFileType = file.storyboard; path = KanjiDay.storyboard; sourceTree = "<group>"; };
		962F1B972B79DCD10051C4DA /* JapaneseBenkyo.app */ = {isa = PBXFileReference; explicitFileType = wrapper.application; includeInIndex = 0; path = JapaneseBenkyo.app; sourceTree = BUILT_PRODUCTS_DIR; };
		962F1B9A2B79DCD10051C4DA /* AppDelegate.swift */ = {isa = PBXFileReference; lastKnownFileType = sourcecode.swift; path = AppDelegate.swift; sourceTree = "<group>"; };
		962F1BA32B79DCD20051C4DA /* Assets.xcassets */ = {isa = PBXFileReference; lastKnownFileType = folder.assetcatalog; path = Assets.xcassets; sourceTree = "<group>"; };
		962F1BA62B79DCD20051C4DA /* Base */ = {isa = PBXFileReference; lastKnownFileType = file.storyboard; name = Base; path = Base.lproj/LaunchScreen.storyboard; sourceTree = "<group>"; };
		962F1BA82B79DCD20051C4DA /* Info.plist */ = {isa = PBXFileReference; lastKnownFileType = text.plist.xml; path = Info.plist; sourceTree = "<group>"; };
		962F1BAD2B79DCD30051C4DA /* JapaneseBenkyoTests.xctest */ = {isa = PBXFileReference; explicitFileType = wrapper.cfbundle; includeInIndex = 0; path = JapaneseBenkyoTests.xctest; sourceTree = BUILT_PRODUCTS_DIR; };
		962F1BB12B79DCD30051C4DA /* JapaneseBenkyoTests.swift */ = {isa = PBXFileReference; lastKnownFileType = sourcecode.swift; path = JapaneseBenkyoTests.swift; sourceTree = "<group>"; };
		962F1BB72B79DCD30051C4DA /* JapaneseBenkyoUITests.xctest */ = {isa = PBXFileReference; explicitFileType = wrapper.cfbundle; includeInIndex = 0; path = JapaneseBenkyoUITests.xctest; sourceTree = BUILT_PRODUCTS_DIR; };
		962F1BBB2B79DCD30051C4DA /* JapaneseBenkyoUITests.swift */ = {isa = PBXFileReference; lastKnownFileType = sourcecode.swift; path = JapaneseBenkyoUITests.swift; sourceTree = "<group>"; };
		962F1BBD2B79DCD30051C4DA /* JapaneseBenkyoUITestsLaunchTests.swift */ = {isa = PBXFileReference; lastKnownFileType = sourcecode.swift; path = JapaneseBenkyoUITestsLaunchTests.swift; sourceTree = "<group>"; };
		962F1BE22B79DFB60051C4DA /* Main.storyboard */ = {isa = PBXFileReference; lastKnownFileType = file.storyboard; path = Main.storyboard; sourceTree = "<group>"; };
		962F1BE42B79DFD00051C4DA /* MainViewController.swift */ = {isa = PBXFileReference; lastKnownFileType = sourcecode.swift; path = MainViewController.swift; sourceTree = "<group>"; };
		964AA5F32B79E7D1007DE504 /* CustomTableViewCell.xib */ = {isa = PBXFileReference; fileEncoding = 4; lastKnownFileType = file.xib; path = CustomTableViewCell.xib; sourceTree = "<group>"; };
		964AA5F42B79E7D1007DE504 /* CustomTableViewCell.swift */ = {isa = PBXFileReference; fileEncoding = 4; lastKnownFileType = sourcecode.swift; path = CustomTableViewCell.swift; sourceTree = "<group>"; };
		964AA5F82B79E80B007DE504 /* UIViewController+Ext.swift */ = {isa = PBXFileReference; fileEncoding = 4; lastKnownFileType = sourcecode.swift; path = "UIViewController+Ext.swift"; sourceTree = "<group>"; };
		9658D1FC2B9EABEA001A6A7E /* VocabularyTableDataSource.swift */ = {isa = PBXFileReference; lastKnownFileType = sourcecode.swift; path = VocabularyTableDataSource.swift; sourceTree = "<group>"; };
		9658D1FE2B9EC488001A6A7E /* VocabularyTest.storyboard */ = {isa = PBXFileReference; lastKnownFileType = file.storyboard; path = VocabularyTest.storyboard; sourceTree = "<group>"; };
		9658D2002B9EC497001A6A7E /* VocabularyTestViewController.swift */ = {isa = PBXFileReference; lastKnownFileType = sourcecode.swift; path = VocabularyTestViewController.swift; sourceTree = "<group>"; };
		969493512B7DDE140064312F /* Vocabulary.swift */ = {isa = PBXFileReference; lastKnownFileType = sourcecode.swift; path = Vocabulary.swift; sourceTree = "<group>"; };
		969493552B7DE7210064312F /* VocabularyStudyViewController.swift */ = {isa = PBXFileReference; lastKnownFileType = sourcecode.swift; path = VocabularyStudyViewController.swift; sourceTree = "<group>"; };
		969493572B7DE7310064312F /* VocabularyStudy.storyboard */ = {isa = PBXFileReference; lastKnownFileType = file.storyboard; path = VocabularyStudy.storyboard; sourceTree = "<group>"; };
		969493592B7DE78B0064312F /* VocabularyTableViewCell.xib */ = {isa = PBXFileReference; fileEncoding = 4; lastKnownFileType = file.xib; path = VocabularyTableViewCell.xib; sourceTree = "<group>"; };
		9694935A2B7DE78B0064312F /* VocabularyTableViewCell.swift */ = {isa = PBXFileReference; fileEncoding = 4; lastKnownFileType = sourcecode.swift; path = VocabularyTableViewCell.swift; sourceTree = "<group>"; };
		96A35C732BA5B97D00D7B4F9 /* KanjiTestViewController.swift */ = {isa = PBXFileReference; lastKnownFileType = sourcecode.swift; path = KanjiTestViewController.swift; sourceTree = "<group>"; };
		96A35C752BA5B98D00D7B4F9 /* KanjiTestResultViewController.swift */ = {isa = PBXFileReference; lastKnownFileType = sourcecode.swift; path = KanjiTestResultViewController.swift; sourceTree = "<group>"; };
		96A35C772BA5BB4F00D7B4F9 /* CommonConstant.swift */ = {isa = PBXFileReference; lastKnownFileType = sourcecode.swift; path = CommonConstant.swift; sourceTree = "<group>"; };
		96A35C792BA5BEDF00D7B4F9 /* KanjiTableDataSource.swift */ = {isa = PBXFileReference; lastKnownFileType = sourcecode.swift; path = KanjiTableDataSource.swift; sourceTree = "<group>"; };
		96A35C7B2BA5D29A00D7B4F9 /* KanjiTest.storyboard */ = {isa = PBXFileReference; lastKnownFileType = file.storyboard; path = KanjiTest.storyboard; sourceTree = "<group>"; };
		96A35C7D2BA5D66500D7B4F9 /* KanjiTestResult.storyboard */ = {isa = PBXFileReference; lastKnownFileType = file.storyboard; path = KanjiTestResult.storyboard; sourceTree = "<group>"; };
		96AD6B722B79FDD700F895DE /* KanjiStudyViewController.swift */ = {isa = PBXFileReference; lastKnownFileType = sourcecode.swift; path = KanjiStudyViewController.swift; sourceTree = "<group>"; };
		96AD6B742B79FDDF00F895DE /* KanjiStudy.storyboard */ = {isa = PBXFileReference; lastKnownFileType = file.storyboard; path = KanjiStudy.storyboard; sourceTree = "<group>"; };
		96BA5ABA2BA0A14F00E3373C /* appicon.png */ = {isa = PBXFileReference; lastKnownFileType = image.png; path = appicon.png; sourceTree = "<group>"; };
		96BA5ABD2BA0A65800E3373C /* VocabularyTestResultViewController.swift */ = {isa = PBXFileReference; lastKnownFileType = sourcecode.swift; path = VocabularyTestResultViewController.swift; sourceTree = "<group>"; };
		96BA5ABF2BA0A66B00E3373C /* VocabularyTestResult.storyboard */ = {isa = PBXFileReference; lastKnownFileType = file.storyboard; path = VocabularyTestResult.storyboard; sourceTree = "<group>"; };
		96BA5AC12BA2BB6B00E3373C /* UINavigationController+Ext.swift */ = {isa = PBXFileReference; lastKnownFileType = sourcecode.swift; path = "UINavigationController+Ext.swift"; sourceTree = "<group>"; };
		96BA5AFF2BA2CF3700E3373C /* n3.json */ = {isa = PBXFileReference; fileEncoding = 4; lastKnownFileType = text.json; path = n3.json; sourceTree = "<group>"; };
		96BA5B002BA2CF3700E3373C /* n4.json */ = {isa = PBXFileReference; fileEncoding = 4; lastKnownFileType = text.json; path = n4.json; sourceTree = "<group>"; };
		96BA5B012BA2CF3700E3373C /* n1.json */ = {isa = PBXFileReference; fileEncoding = 4; lastKnownFileType = text.json; path = n1.json; sourceTree = "<group>"; };
		96BA5B022BA2CF3700E3373C /* n5.json */ = {isa = PBXFileReference; fileEncoding = 4; lastKnownFileType = text.json; path = n5.json; sourceTree = "<group>"; };
		96BA5B032BA2CF3700E3373C /* n2.json */ = {isa = PBXFileReference; fileEncoding = 4; lastKnownFileType = text.json; path = n2.json; sourceTree = "<group>"; };
		96BA5B092BA2CFBA00E3373C /* launchscreen.png */ = {isa = PBXFileReference; lastKnownFileType = image.png; path = launchscreen.png; sourceTree = "<group>"; };
		96C174172BB590EF006775E5 /* ExpandableAreaView.swift */ = {isa = PBXFileReference; fileEncoding = 4; lastKnownFileType = sourcecode.swift; path = ExpandableAreaView.swift; sourceTree = "<group>"; };
		96C174182BB590EF006775E5 /* ExpandableAreaView.xib */ = {isa = PBXFileReference; fileEncoding = 4; lastKnownFileType = file.xib; path = ExpandableAreaView.xib; sourceTree = "<group>"; };
		96C1741B2BB5AF13006775E5 /* UIStackView+Ext.swift */ = {isa = PBXFileReference; lastKnownFileType = sourcecode.swift; path = "UIStackView+Ext.swift"; sourceTree = "<group>"; };
		96CD34ED2BA3D1CA006F6523 /* kanji.png */ = {isa = PBXFileReference; lastKnownFileType = image.png; path = kanji.png; sourceTree = "<group>"; };
		96CD34EF2BA3D1D7006F6523 /* hiragana.png */ = {isa = PBXFileReference; lastKnownFileType = image.png; path = hiragana.png; sourceTree = "<group>"; };
		96D9A8462B7C85530042E2DA /* KanjiTableViewCell.swift */ = {isa = PBXFileReference; lastKnownFileType = sourcecode.swift; path = KanjiTableViewCell.swift; sourceTree = "<group>"; };
		96D9A8482B7CD9160042E2DA /* Kanji.swift */ = {isa = PBXFileReference; lastKnownFileType = sourcecode.swift; path = Kanji.swift; sourceTree = "<group>"; };
		96D9A8512B7CDB440042E2DA /* KanjiTableViewCell.xib */ = {isa = PBXFileReference; fileEncoding = 4; lastKnownFileType = file.xib; path = KanjiTableViewCell.xib; sourceTree = "<group>"; };
/* End PBXFileReference section */

/* Begin PBXFrameworksBuildPhase section */
		962F1B942B79DCD10051C4DA /* Frameworks */ = {
			isa = PBXFrameworksBuildPhase;
			buildActionMask = 2147483647;
			files = (
			);
			runOnlyForDeploymentPostprocessing = 0;
		};
		962F1BAA2B79DCD30051C4DA /* Frameworks */ = {
			isa = PBXFrameworksBuildPhase;
			buildActionMask = 2147483647;
			files = (
			);
			runOnlyForDeploymentPostprocessing = 0;
		};
		962F1BB42B79DCD30051C4DA /* Frameworks */ = {
			isa = PBXFrameworksBuildPhase;
			buildActionMask = 2147483647;
			files = (
			);
			runOnlyForDeploymentPostprocessing = 0;
		};
/* End PBXFrameworksBuildPhase section */

/* Begin PBXGroup section */
		960C6B482B7B35C600D91407 /* Vocabulary */ = {
			isa = PBXGroup;
			children = (
				969493512B7DDE140064312F /* Vocabulary.swift */,
				960C6B4C2B7B35F500D91407 /* VocabularyViewController.swift */,
				960C6B4A2B7B35E400D91407 /* Vocabulary.storyboard */,
				96269D7C2B9AA9E30063AF33 /* VocabularyDay */,
				969493532B7DE6600064312F /* VocabularyStudy */,
				96BA5AA62BA019C400E3373C /* VocabularyTest */,
				96BA5ABC2BA0A61000E3373C /* VocabularyTestResult */,
				969493542B7DE6700064312F /* VocabularyTableViewCell */,
			);
			path = Vocabulary;
			sourceTree = "<group>";
		};
		960C6B492B7B35D100D91407 /* Kanji */ = {
			isa = PBXGroup;
			children = (
				96D9A8482B7CD9160042E2DA /* Kanji.swift */,
				960C6B4E2B7B369600D91407 /* KanjiViewController.swift */,
				960C6B502B7B369E00D91407 /* Kanji.storyboard */,
				96269D942B9AD7630063AF33 /* KanjiDay */,
				96AD6B712B79FDC800F895DE /* KanjiStudy */,
				96A35C712BA5B95100D7B4F9 /* KanjiTest */,
				96A35C722BA5B96600D7B4F9 /* KanjiTestResult */,
				96D9A84A2B7CDA0E0042E2DA /* KanjiTableViewCell */,
			);
			path = Kanji;
			sourceTree = "<group>";
		};
		960C6B892B7B863C00D91407 /* Singleton */ = {
			isa = PBXGroup;
			children = (
				960C6B562B7B3FE900D91407 /* JSONManager.swift */,
				960C6B8A2B7B865700D91407 /* UserDefaultManager.swift */,
				96A35C772BA5BB4F00D7B4F9 /* CommonConstant.swift */,
				9611091A2BAFE3F800AF4C45 /* TTSManager.swift */,
			);
			path = Singleton;
			sourceTree = "<group>";
		};
		96269D7C2B9AA9E30063AF33 /* VocabularyDay */ = {
			isa = PBXGroup;
			children = (
				96269D7F2B9AAA180063AF33 /* VocabularyDayViewController.swift */,
				96269D7D2B9AAA060063AF33 /* VocabularyDay.storyboard */,
			);
			path = VocabularyDay;
			sourceTree = "<group>";
		};
		96269D942B9AD7630063AF33 /* KanjiDay */ = {
			isa = PBXGroup;
			children = (
				96269D952B9AD77B0063AF33 /* KanjiDayViewController.swift */,
				96269D972B9AD7860063AF33 /* KanjiDay.storyboard */,
			);
			path = KanjiDay;
			sourceTree = "<group>";
		};
		962F1B8E2B79DCD10051C4DA = {
			isa = PBXGroup;
			children = (
				962F1B992B79DCD10051C4DA /* JapaneseBenkyo */,
				962F1BB02B79DCD30051C4DA /* JapaneseBenkyoTests */,
				962F1BBA2B79DCD30051C4DA /* JapaneseBenkyoUITests */,
				962F1B982B79DCD10051C4DA /* Products */,
			);
			sourceTree = "<group>";
		};
		962F1B982B79DCD10051C4DA /* Products */ = {
			isa = PBXGroup;
			children = (
				962F1B972B79DCD10051C4DA /* JapaneseBenkyo.app */,
				962F1BAD2B79DCD30051C4DA /* JapaneseBenkyoTests.xctest */,
				962F1BB72B79DCD30051C4DA /* JapaneseBenkyoUITests.xctest */,
			);
			name = Products;
			sourceTree = "<group>";
		};
		962F1B992B79DCD10051C4DA /* JapaneseBenkyo */ = {
			isa = PBXGroup;
			children = (
				964AA5F72B79E7FD007DE504 /* Extension */,
				960C6B892B7B863C00D91407 /* Singleton */,
				960C6B482B7B35C600D91407 /* Vocabulary */,
				960C6B492B7B35D100D91407 /* Kanji */,
				96AD6B6E2B79FD0400F895DE /* Main */,
				964AA5F22B79E78D007DE504 /* CustomTableViewCell */,
				96AD6B6D2B79FCEB00F895DE /* res */,
				962F1B9A2B79DCD10051C4DA /* AppDelegate.swift */,
				962F1BA32B79DCD20051C4DA /* Assets.xcassets */,
				962F1BA52B79DCD20051C4DA /* LaunchScreen.storyboard */,
				962F1BA82B79DCD20051C4DA /* Info.plist */,
			);
			path = JapaneseBenkyo;
			sourceTree = "<group>";
		};
		962F1BB02B79DCD30051C4DA /* JapaneseBenkyoTests */ = {
			isa = PBXGroup;
			children = (
				962F1BB12B79DCD30051C4DA /* JapaneseBenkyoTests.swift */,
			);
			path = JapaneseBenkyoTests;
			sourceTree = "<group>";
		};
		962F1BBA2B79DCD30051C4DA /* JapaneseBenkyoUITests */ = {
			isa = PBXGroup;
			children = (
				962F1BBB2B79DCD30051C4DA /* JapaneseBenkyoUITests.swift */,
				962F1BBD2B79DCD30051C4DA /* JapaneseBenkyoUITestsLaunchTests.swift */,
			);
			path = JapaneseBenkyoUITests;
			sourceTree = "<group>";
		};
		964AA5F22B79E78D007DE504 /* CustomTableViewCell */ = {
			isa = PBXGroup;
			children = (
				964AA5F42B79E7D1007DE504 /* CustomTableViewCell.swift */,
				964AA5F32B79E7D1007DE504 /* CustomTableViewCell.xib */,
			);
			path = CustomTableViewCell;
			sourceTree = "<group>";
		};
		964AA5F72B79E7FD007DE504 /* Extension */ = {
			isa = PBXGroup;
			children = (
				964AA5F82B79E80B007DE504 /* UIViewController+Ext.swift */,
				96BA5AC12BA2BB6B00E3373C /* UINavigationController+Ext.swift */,
				96C1741B2BB5AF13006775E5 /* UIStackView+Ext.swift */,
			);
			path = Extension;
			sourceTree = "<group>";
		};
		969493532B7DE6600064312F /* VocabularyStudy */ = {
			isa = PBXGroup;
			children = (
				969493552B7DE7210064312F /* VocabularyStudyViewController.swift */,
				969493572B7DE7310064312F /* VocabularyStudy.storyboard */,
			);
			path = VocabularyStudy;
			sourceTree = "<group>";
		};
		969493542B7DE6700064312F /* VocabularyTableViewCell */ = {
			isa = PBXGroup;
			children = (
				9658D1FC2B9EABEA001A6A7E /* VocabularyTableDataSource.swift */,
				9694935A2B7DE78B0064312F /* VocabularyTableViewCell.swift */,
				969493592B7DE78B0064312F /* VocabularyTableViewCell.xib */,
			);
			path = VocabularyTableViewCell;
			sourceTree = "<group>";
		};
		96A35C712BA5B95100D7B4F9 /* KanjiTest */ = {
			isa = PBXGroup;
			children = (
				96A35C732BA5B97D00D7B4F9 /* KanjiTestViewController.swift */,
				96A35C7B2BA5D29A00D7B4F9 /* KanjiTest.storyboard */,
			);
			path = KanjiTest;
			sourceTree = "<group>";
		};
		96A35C722BA5B96600D7B4F9 /* KanjiTestResult */ = {
			isa = PBXGroup;
			children = (
				96A35C752BA5B98D00D7B4F9 /* KanjiTestResultViewController.swift */,
				96A35C7D2BA5D66500D7B4F9 /* KanjiTestResult.storyboard */,
			);
			path = KanjiTestResult;
			sourceTree = "<group>";
		};
		96AD6B6D2B79FCEB00F895DE /* res */ = {
			isa = PBXGroup;
			children = (
				96BA5ABA2BA0A14F00E3373C /* appicon.png */,
				96CD34ED2BA3D1CA006F6523 /* kanji.png */,
				96CD34EF2BA3D1D7006F6523 /* hiragana.png */,
				960C6B7D2B7B49FB00D91407 /* kanji1.json */,
				960C6B7C2B7B49FB00D91407 /* kanji2.json */,
				960C6B7E2B7B49FB00D91407 /* kanji3.json */,
				960C6B802B7B49FB00D91407 /* kanji4.json */,
				960C6B7F2B7B49FB00D91407 /* kanji5.json */,
				960C6B812B7B49FB00D91407 /* kanji6.json */,
				960C6B7B2B7B49FB00D91407 /* kanji7.json */,
				96BA5B012BA2CF3700E3373C /* n1.json */,
				96BA5B032BA2CF3700E3373C /* n2.json */,
				96BA5AFF2BA2CF3700E3373C /* n3.json */,
				96BA5B002BA2CF3700E3373C /* n4.json */,
				96BA5B022BA2CF3700E3373C /* n5.json */,
				96BA5B092BA2CFBA00E3373C /* launchscreen.png */,
			);
			path = res;
			sourceTree = "<group>";
		};
		96AD6B6E2B79FD0400F895DE /* Main */ = {
			isa = PBXGroup;
			children = (
				962F1BE42B79DFD00051C4DA /* MainViewController.swift */,
				962F1BE22B79DFB60051C4DA /* Main.storyboard */,
			);
			path = Main;
			sourceTree = "<group>";
		};
		96AD6B712B79FDC800F895DE /* KanjiStudy */ = {
			isa = PBXGroup;
			children = (
				96AD6B722B79FDD700F895DE /* KanjiStudyViewController.swift */,
				96AD6B742B79FDDF00F895DE /* KanjiStudy.storyboard */,
			);
			path = KanjiStudy;
			sourceTree = "<group>";
		};
		96BA5AA62BA019C400E3373C /* VocabularyTest */ = {
			isa = PBXGroup;
			children = (
				9658D2002B9EC497001A6A7E /* VocabularyTestViewController.swift */,
				9658D1FE2B9EC488001A6A7E /* VocabularyTest.storyboard */,
			);
			path = VocabularyTest;
			sourceTree = "<group>";
		};
		96BA5ABC2BA0A61000E3373C /* VocabularyTestResult */ = {
			isa = PBXGroup;
			children = (
				96BA5ABD2BA0A65800E3373C /* VocabularyTestResultViewController.swift */,
				96BA5ABF2BA0A66B00E3373C /* VocabularyTestResult.storyboard */,
			);
			path = VocabularyTestResult;
			sourceTree = "<group>";
		};
		96D9A84A2B7CDA0E0042E2DA /* KanjiTableViewCell */ = {
			isa = PBXGroup;
			children = (
				96A35C792BA5BEDF00D7B4F9 /* KanjiTableDataSource.swift */,
				96D9A8462B7C85530042E2DA /* KanjiTableViewCell.swift */,
				96D9A8512B7CDB440042E2DA /* KanjiTableViewCell.xib */,
				96C174172BB590EF006775E5 /* ExpandableAreaView.swift */,
				96C174182BB590EF006775E5 /* ExpandableAreaView.xib */,
			);
			path = KanjiTableViewCell;
			sourceTree = "<group>";
		};
/* End PBXGroup section */

/* Begin PBXNativeTarget section */
		962F1B962B79DCD10051C4DA /* JapaneseBenkyo */ = {
			isa = PBXNativeTarget;
			buildConfigurationList = 962F1BC12B79DCD30051C4DA /* Build configuration list for PBXNativeTarget "JapaneseBenkyo" */;
			buildPhases = (
				962F1B932B79DCD10051C4DA /* Sources */,
				962F1B942B79DCD10051C4DA /* Frameworks */,
				962F1B952B79DCD10051C4DA /* Resources */,
			);
			buildRules = (
			);
			dependencies = (
			);
			name = JapaneseBenkyo;
			productName = JapaneseBenkyo;
			productReference = 962F1B972B79DCD10051C4DA /* JapaneseBenkyo.app */;
			productType = "com.apple.product-type.application";
		};
		962F1BAC2B79DCD30051C4DA /* JapaneseBenkyoTests */ = {
			isa = PBXNativeTarget;
			buildConfigurationList = 962F1BC42B79DCD30051C4DA /* Build configuration list for PBXNativeTarget "JapaneseBenkyoTests" */;
			buildPhases = (
				962F1BA92B79DCD30051C4DA /* Sources */,
				962F1BAA2B79DCD30051C4DA /* Frameworks */,
				962F1BAB2B79DCD30051C4DA /* Resources */,
			);
			buildRules = (
			);
			dependencies = (
				962F1BAF2B79DCD30051C4DA /* PBXTargetDependency */,
			);
			name = JapaneseBenkyoTests;
			productName = JapaneseBenkyoTests;
			productReference = 962F1BAD2B79DCD30051C4DA /* JapaneseBenkyoTests.xctest */;
			productType = "com.apple.product-type.bundle.unit-test";
		};
		962F1BB62B79DCD30051C4DA /* JapaneseBenkyoUITests */ = {
			isa = PBXNativeTarget;
			buildConfigurationList = 962F1BC72B79DCD30051C4DA /* Build configuration list for PBXNativeTarget "JapaneseBenkyoUITests" */;
			buildPhases = (
				962F1BB32B79DCD30051C4DA /* Sources */,
				962F1BB42B79DCD30051C4DA /* Frameworks */,
				962F1BB52B79DCD30051C4DA /* Resources */,
			);
			buildRules = (
			);
			dependencies = (
				962F1BB92B79DCD30051C4DA /* PBXTargetDependency */,
			);
			name = JapaneseBenkyoUITests;
			productName = JapaneseBenkyoUITests;
			productReference = 962F1BB72B79DCD30051C4DA /* JapaneseBenkyoUITests.xctest */;
			productType = "com.apple.product-type.bundle.ui-testing";
		};
/* End PBXNativeTarget section */

/* Begin PBXProject section */
		962F1B8F2B79DCD10051C4DA /* Project object */ = {
			isa = PBXProject;
			attributes = {
				BuildIndependentTargetsInParallel = 1;
				LastSwiftUpdateCheck = 1520;
				LastUpgradeCheck = 1520;
				TargetAttributes = {
					962F1B962B79DCD10051C4DA = {
						CreatedOnToolsVersion = 15.2;
					};
					962F1BAC2B79DCD30051C4DA = {
						CreatedOnToolsVersion = 15.2;
						TestTargetID = 962F1B962B79DCD10051C4DA;
					};
					962F1BB62B79DCD30051C4DA = {
						CreatedOnToolsVersion = 15.2;
						TestTargetID = 962F1B962B79DCD10051C4DA;
					};
				};
			};
			buildConfigurationList = 962F1B922B79DCD10051C4DA /* Build configuration list for PBXProject "JapaneseBenkyo" */;
			compatibilityVersion = "Xcode 14.0";
			developmentRegion = ko;
			hasScannedForEncodings = 0;
			knownRegions = (
				ko,
				Base,
			);
			mainGroup = 962F1B8E2B79DCD10051C4DA;
			productRefGroup = 962F1B982B79DCD10051C4DA /* Products */;
			projectDirPath = "";
			projectRoot = "";
			targets = (
				962F1B962B79DCD10051C4DA /* JapaneseBenkyo */,
				962F1BAC2B79DCD30051C4DA /* JapaneseBenkyoTests */,
				962F1BB62B79DCD30051C4DA /* JapaneseBenkyoUITests */,
			);
		};
/* End PBXProject section */

/* Begin PBXResourcesBuildPhase section */
		962F1B952B79DCD10051C4DA /* Resources */ = {
			isa = PBXResourcesBuildPhase;
			buildActionMask = 2147483647;
			files = (
				960C6B822B7B49FB00D91407 /* kanji7.json in Resources */,
				96A35C7C2BA5D29A00D7B4F9 /* KanjiTest.storyboard in Resources */,
				969493582B7DE7310064312F /* VocabularyStudy.storyboard in Resources */,
				960C6B872B7B49FB00D91407 /* kanji4.json in Resources */,
				96BA5B082BA2CF3700E3373C /* n2.json in Resources */,
				960C6B832B7B49FB00D91407 /* kanji2.json in Resources */,
				96BA5ABB2BA0A14F00E3373C /* appicon.png in Resources */,
				96269D7E2B9AAA060063AF33 /* VocabularyDay.storyboard in Resources */,
				96CD34EE2BA3D1CA006F6523 /* kanji.png in Resources */,
				960C6B882B7B49FB00D91407 /* kanji6.json in Resources */,
				960C6B512B7B369E00D91407 /* Kanji.storyboard in Resources */,
				96BA5B072BA2CF3700E3373C /* n5.json in Resources */,
				96BA5B062BA2CF3700E3373C /* n1.json in Resources */,
				96CD34F02BA3D1D7006F6523 /* hiragana.png in Resources */,
				962F1BE32B79DFB60051C4DA /* Main.storyboard in Resources */,
				96AD6B752B79FDDF00F895DE /* KanjiStudy.storyboard in Resources */,
				962F1BA72B79DCD20051C4DA /* LaunchScreen.storyboard in Resources */,
				962F1BA42B79DCD20051C4DA /* Assets.xcassets in Resources */,
				96BA5B052BA2CF3700E3373C /* n4.json in Resources */,
				96BA5AC02BA0A66B00E3373C /* VocabularyTestResult.storyboard in Resources */,
				9658D1FF2B9EC488001A6A7E /* VocabularyTest.storyboard in Resources */,
				96D9A8522B7CDB440042E2DA /* KanjiTableViewCell.xib in Resources */,
				960C6B852B7B49FB00D91407 /* kanji3.json in Resources */,
				96269D982B9AD7860063AF33 /* KanjiDay.storyboard in Resources */,
				96BA5B0A2BA2CFBA00E3373C /* launchscreen.png in Resources */,
				9694935B2B7DE78B0064312F /* VocabularyTableViewCell.xib in Resources */,
				960C6B842B7B49FB00D91407 /* kanji1.json in Resources */,
				96BA5B042BA2CF3700E3373C /* n3.json in Resources */,
				960C6B862B7B49FB00D91407 /* kanji5.json in Resources */,
				964AA5F52B79E7D1007DE504 /* CustomTableViewCell.xib in Resources */,
				96A35C7E2BA5D66500D7B4F9 /* KanjiTestResult.storyboard in Resources */,
				96C1741A2BB590EF006775E5 /* ExpandableAreaView.xib in Resources */,
				960C6B4B2B7B35E400D91407 /* Vocabulary.storyboard in Resources */,
			);
			runOnlyForDeploymentPostprocessing = 0;
		};
		962F1BAB2B79DCD30051C4DA /* Resources */ = {
			isa = PBXResourcesBuildPhase;
			buildActionMask = 2147483647;
			files = (
			);
			runOnlyForDeploymentPostprocessing = 0;
		};
		962F1BB52B79DCD30051C4DA /* Resources */ = {
			isa = PBXResourcesBuildPhase;
			buildActionMask = 2147483647;
			files = (
			);
			runOnlyForDeploymentPostprocessing = 0;
		};
/* End PBXResourcesBuildPhase section */

/* Begin PBXSourcesBuildPhase section */
		962F1B932B79DCD10051C4DA /* Sources */ = {
			isa = PBXSourcesBuildPhase;
			buildActionMask = 2147483647;
			files = (
				960C6B572B7B3FE900D91407 /* JSONManager.swift in Sources */,
				96269D962B9AD77B0063AF33 /* KanjiDayViewController.swift in Sources */,
				96A35C742BA5B97D00D7B4F9 /* KanjiTestViewController.swift in Sources */,
				96AD6B732B79FDD700F895DE /* KanjiStudyViewController.swift in Sources */,
				964AA5F62B79E7D1007DE504 /* CustomTableViewCell.swift in Sources */,
				96A35C7A2BA5BEDF00D7B4F9 /* KanjiTableDataSource.swift in Sources */,
				960C6B4D2B7B35F500D91407 /* VocabularyViewController.swift in Sources */,
				962F1B9B2B79DCD10051C4DA /* AppDelegate.swift in Sources */,
				96A35C762BA5B98D00D7B4F9 /* KanjiTestResultViewController.swift in Sources */,
				96BA5AC22BA2BB6B00E3373C /* UINavigationController+Ext.swift in Sources */,
				96C174192BB590EF006775E5 /* ExpandableAreaView.swift in Sources */,
				964AA5F92B79E80B007DE504 /* UIViewController+Ext.swift in Sources */,
				969493562B7DE7210064312F /* VocabularyStudyViewController.swift in Sources */,
				96D9A8492B7CD9160042E2DA /* Kanji.swift in Sources */,
				960C6B8B2B7B865700D91407 /* UserDefaultManager.swift in Sources */,
				96C1741C2BB5AF13006775E5 /* UIStackView+Ext.swift in Sources */,
				96269D802B9AAA180063AF33 /* VocabularyDayViewController.swift in Sources */,
				96D9A8472B7C85530042E2DA /* KanjiTableViewCell.swift in Sources */,
				962F1BE52B79DFD00051C4DA /* MainViewController.swift in Sources */,
				9611091B2BAFE3F800AF4C45 /* TTSManager.swift in Sources */,
				9694935C2B7DE78B0064312F /* VocabularyTableViewCell.swift in Sources */,
				960C6B4F2B7B369600D91407 /* KanjiViewController.swift in Sources */,
				96A35C782BA5BB4F00D7B4F9 /* CommonConstant.swift in Sources */,
				9658D1FD2B9EABEA001A6A7E /* VocabularyTableDataSource.swift in Sources */,
				9658D2012B9EC497001A6A7E /* VocabularyTestViewController.swift in Sources */,
				96BA5ABE2BA0A65800E3373C /* VocabularyTestResultViewController.swift in Sources */,
				969493522B7DDE140064312F /* Vocabulary.swift in Sources */,
			);
			runOnlyForDeploymentPostprocessing = 0;
		};
		962F1BA92B79DCD30051C4DA /* Sources */ = {
			isa = PBXSourcesBuildPhase;
			buildActionMask = 2147483647;
			files = (
				962F1BB22B79DCD30051C4DA /* JapaneseBenkyoTests.swift in Sources */,
			);
			runOnlyForDeploymentPostprocessing = 0;
		};
		962F1BB32B79DCD30051C4DA /* Sources */ = {
			isa = PBXSourcesBuildPhase;
			buildActionMask = 2147483647;
			files = (
				962F1BBC2B79DCD30051C4DA /* JapaneseBenkyoUITests.swift in Sources */,
				962F1BBE2B79DCD30051C4DA /* JapaneseBenkyoUITestsLaunchTests.swift in Sources */,
			);
			runOnlyForDeploymentPostprocessing = 0;
		};
/* End PBXSourcesBuildPhase section */

/* Begin PBXTargetDependency section */
		962F1BAF2B79DCD30051C4DA /* PBXTargetDependency */ = {
			isa = PBXTargetDependency;
			target = 962F1B962B79DCD10051C4DA /* JapaneseBenkyo */;
			targetProxy = 962F1BAE2B79DCD30051C4DA /* PBXContainerItemProxy */;
		};
		962F1BB92B79DCD30051C4DA /* PBXTargetDependency */ = {
			isa = PBXTargetDependency;
			target = 962F1B962B79DCD10051C4DA /* JapaneseBenkyo */;
			targetProxy = 962F1BB82B79DCD30051C4DA /* PBXContainerItemProxy */;
		};
/* End PBXTargetDependency section */

/* Begin PBXVariantGroup section */
		962F1BA52B79DCD20051C4DA /* LaunchScreen.storyboard */ = {
			isa = PBXVariantGroup;
			children = (
				962F1BA62B79DCD20051C4DA /* Base */,
			);
			name = LaunchScreen.storyboard;
			sourceTree = "<group>";
		};
/* End PBXVariantGroup section */

/* Begin XCBuildConfiguration section */
		962F1BBF2B79DCD30051C4DA /* Debug */ = {
			isa = XCBuildConfiguration;
			buildSettings = {
				ALWAYS_SEARCH_USER_PATHS = NO;
				ASSETCATALOG_COMPILER_GENERATE_SWIFT_ASSET_SYMBOL_EXTENSIONS = YES;
				CLANG_ANALYZER_NONNULL = YES;
				CLANG_ANALYZER_NUMBER_OBJECT_CONVERSION = YES_AGGRESSIVE;
				CLANG_CXX_LANGUAGE_STANDARD = "gnu++20";
				CLANG_ENABLE_MODULES = YES;
				CLANG_ENABLE_OBJC_ARC = YES;
				CLANG_ENABLE_OBJC_WEAK = YES;
				CLANG_WARN_BLOCK_CAPTURE_AUTORELEASING = YES;
				CLANG_WARN_BOOL_CONVERSION = YES;
				CLANG_WARN_COMMA = YES;
				CLANG_WARN_CONSTANT_CONVERSION = YES;
				CLANG_WARN_DEPRECATED_OBJC_IMPLEMENTATIONS = YES;
				CLANG_WARN_DIRECT_OBJC_ISA_USAGE = YES_ERROR;
				CLANG_WARN_DOCUMENTATION_COMMENTS = YES;
				CLANG_WARN_EMPTY_BODY = YES;
				CLANG_WARN_ENUM_CONVERSION = YES;
				CLANG_WARN_INFINITE_RECURSION = YES;
				CLANG_WARN_INT_CONVERSION = YES;
				CLANG_WARN_NON_LITERAL_NULL_CONVERSION = YES;
				CLANG_WARN_OBJC_IMPLICIT_RETAIN_SELF = YES;
				CLANG_WARN_OBJC_LITERAL_CONVERSION = YES;
				CLANG_WARN_OBJC_ROOT_CLASS = YES_ERROR;
				CLANG_WARN_QUOTED_INCLUDE_IN_FRAMEWORK_HEADER = YES;
				CLANG_WARN_RANGE_LOOP_ANALYSIS = YES;
				CLANG_WARN_STRICT_PROTOTYPES = YES;
				CLANG_WARN_SUSPICIOUS_MOVE = YES;
				CLANG_WARN_UNGUARDED_AVAILABILITY = YES_AGGRESSIVE;
				CLANG_WARN_UNREACHABLE_CODE = YES;
				CLANG_WARN__DUPLICATE_METHOD_MATCH = YES;
				COPY_PHASE_STRIP = NO;
				DEBUG_INFORMATION_FORMAT = dwarf;
				ENABLE_STRICT_OBJC_MSGSEND = YES;
				ENABLE_TESTABILITY = YES;
				ENABLE_USER_SCRIPT_SANDBOXING = YES;
				GCC_C_LANGUAGE_STANDARD = gnu17;
				GCC_DYNAMIC_NO_PIC = NO;
				GCC_NO_COMMON_BLOCKS = YES;
				GCC_OPTIMIZATION_LEVEL = 0;
				GCC_PREPROCESSOR_DEFINITIONS = (
					"DEBUG=1",
					"$(inherited)",
				);
				GCC_WARN_64_TO_32_BIT_CONVERSION = YES;
				GCC_WARN_ABOUT_RETURN_TYPE = YES_ERROR;
				GCC_WARN_UNDECLARED_SELECTOR = YES;
				GCC_WARN_UNINITIALIZED_AUTOS = YES_AGGRESSIVE;
				GCC_WARN_UNUSED_FUNCTION = YES;
				GCC_WARN_UNUSED_VARIABLE = YES;
				INFOPLIST_KEY_CFBundleDisplayName = "매일 일본어";
				IPHONEOS_DEPLOYMENT_TARGET = 17.2;
				LOCALIZATION_PREFERS_STRING_CATALOGS = YES;
				MTL_ENABLE_DEBUG_INFO = INCLUDE_SOURCE;
				MTL_FAST_MATH = YES;
				ONLY_ACTIVE_ARCH = YES;
				SDKROOT = iphoneos;
				SWIFT_ACTIVE_COMPILATION_CONDITIONS = "DEBUG $(inherited)";
				SWIFT_OPTIMIZATION_LEVEL = "-Onone";
			};
			name = Debug;
		};
		962F1BC02B79DCD30051C4DA /* Release */ = {
			isa = XCBuildConfiguration;
			buildSettings = {
				ALWAYS_SEARCH_USER_PATHS = NO;
				ASSETCATALOG_COMPILER_GENERATE_SWIFT_ASSET_SYMBOL_EXTENSIONS = YES;
				CLANG_ANALYZER_NONNULL = YES;
				CLANG_ANALYZER_NUMBER_OBJECT_CONVERSION = YES_AGGRESSIVE;
				CLANG_CXX_LANGUAGE_STANDARD = "gnu++20";
				CLANG_ENABLE_MODULES = YES;
				CLANG_ENABLE_OBJC_ARC = YES;
				CLANG_ENABLE_OBJC_WEAK = YES;
				CLANG_WARN_BLOCK_CAPTURE_AUTORELEASING = YES;
				CLANG_WARN_BOOL_CONVERSION = YES;
				CLANG_WARN_COMMA = YES;
				CLANG_WARN_CONSTANT_CONVERSION = YES;
				CLANG_WARN_DEPRECATED_OBJC_IMPLEMENTATIONS = YES;
				CLANG_WARN_DIRECT_OBJC_ISA_USAGE = YES_ERROR;
				CLANG_WARN_DOCUMENTATION_COMMENTS = YES;
				CLANG_WARN_EMPTY_BODY = YES;
				CLANG_WARN_ENUM_CONVERSION = YES;
				CLANG_WARN_INFINITE_RECURSION = YES;
				CLANG_WARN_INT_CONVERSION = YES;
				CLANG_WARN_NON_LITERAL_NULL_CONVERSION = YES;
				CLANG_WARN_OBJC_IMPLICIT_RETAIN_SELF = YES;
				CLANG_WARN_OBJC_LITERAL_CONVERSION = YES;
				CLANG_WARN_OBJC_ROOT_CLASS = YES_ERROR;
				CLANG_WARN_QUOTED_INCLUDE_IN_FRAMEWORK_HEADER = YES;
				CLANG_WARN_RANGE_LOOP_ANALYSIS = YES;
				CLANG_WARN_STRICT_PROTOTYPES = YES;
				CLANG_WARN_SUSPICIOUS_MOVE = YES;
				CLANG_WARN_UNGUARDED_AVAILABILITY = YES_AGGRESSIVE;
				CLANG_WARN_UNREACHABLE_CODE = YES;
				CLANG_WARN__DUPLICATE_METHOD_MATCH = YES;
				COPY_PHASE_STRIP = NO;
				DEBUG_INFORMATION_FORMAT = "dwarf-with-dsym";
				ENABLE_NS_ASSERTIONS = NO;
				ENABLE_STRICT_OBJC_MSGSEND = YES;
				ENABLE_USER_SCRIPT_SANDBOXING = YES;
				GCC_C_LANGUAGE_STANDARD = gnu17;
				GCC_NO_COMMON_BLOCKS = YES;
				GCC_WARN_64_TO_32_BIT_CONVERSION = YES;
				GCC_WARN_ABOUT_RETURN_TYPE = YES_ERROR;
				GCC_WARN_UNDECLARED_SELECTOR = YES;
				GCC_WARN_UNINITIALIZED_AUTOS = YES_AGGRESSIVE;
				GCC_WARN_UNUSED_FUNCTION = YES;
				GCC_WARN_UNUSED_VARIABLE = YES;
				INFOPLIST_KEY_CFBundleDisplayName = "매일 일본어";
				IPHONEOS_DEPLOYMENT_TARGET = 17.2;
				LOCALIZATION_PREFERS_STRING_CATALOGS = YES;
				MTL_ENABLE_DEBUG_INFO = NO;
				MTL_FAST_MATH = YES;
				SDKROOT = iphoneos;
				SWIFT_COMPILATION_MODE = wholemodule;
				VALIDATE_PRODUCT = YES;
			};
			name = Release;
		};
		962F1BC22B79DCD30051C4DA /* Debug */ = {
			isa = XCBuildConfiguration;
			buildSettings = {
				ASSETCATALOG_COMPILER_APPICON_NAME = AppIcon;
				ASSETCATALOG_COMPILER_GLOBAL_ACCENT_COLOR_NAME = AccentColor;
				CODE_SIGN_STYLE = Automatic;
				CURRENT_PROJECT_VERSION = 1;
				DEVELOPMENT_TEAM = JU27F4BHH8;
				GENERATE_INFOPLIST_FILE = YES;
				INFOPLIST_FILE = JapaneseBenkyo/Info.plist;
				INFOPLIST_KEY_CFBundleDisplayName = "매일 일본어";
				INFOPLIST_KEY_UIApplicationSupportsIndirectInputEvents = YES;
				INFOPLIST_KEY_UILaunchStoryboardName = LaunchScreen;
				INFOPLIST_KEY_UISupportedInterfaceOrientations = "UIInterfaceOrientationLandscapeLeft UIInterfaceOrientationLandscapeRight UIInterfaceOrientationPortrait UIInterfaceOrientationPortraitUpsideDown";
				IPHONEOS_DEPLOYMENT_TARGET = 17.2;
				LD_RUNPATH_SEARCH_PATHS = (
					"$(inherited)",
					"@executable_path/Frameworks",
				);
				MARKETING_VERSION = 1.01.01;
				PRODUCT_BUNDLE_IDENTIFIER = com.constant.mainichinihongo;
				PRODUCT_NAME = "$(TARGET_NAME)";
				SWIFT_EMIT_LOC_STRINGS = YES;
				SWIFT_VERSION = 5.0;
				TARGETED_DEVICE_FAMILY = "1,2";
			};
			name = Debug;
		};
		962F1BC32B79DCD30051C4DA /* Release */ = {
			isa = XCBuildConfiguration;
			buildSettings = {
				ASSETCATALOG_COMPILER_APPICON_NAME = AppIcon;
				ASSETCATALOG_COMPILER_GLOBAL_ACCENT_COLOR_NAME = AccentColor;
				CODE_SIGN_STYLE = Automatic;
				CURRENT_PROJECT_VERSION = 1;
				DEVELOPMENT_TEAM = JU27F4BHH8;
				GENERATE_INFOPLIST_FILE = YES;
				INFOPLIST_FILE = JapaneseBenkyo/Info.plist;
				INFOPLIST_KEY_CFBundleDisplayName = "매일 일본어";
				INFOPLIST_KEY_UIApplicationSupportsIndirectInputEvents = YES;
				INFOPLIST_KEY_UILaunchStoryboardName = LaunchScreen;
				INFOPLIST_KEY_UISupportedInterfaceOrientations = "UIInterfaceOrientationLandscapeLeft UIInterfaceOrientationLandscapeRight UIInterfaceOrientationPortrait UIInterfaceOrientationPortraitUpsideDown";
				IPHONEOS_DEPLOYMENT_TARGET = 17.2;
				LD_RUNPATH_SEARCH_PATHS = (
					"$(inherited)",
					"@executable_path/Frameworks",
				);
				MARKETING_VERSION = 1.01.01;
				PRODUCT_BUNDLE_IDENTIFIER = com.constant.mainichinihongo;
				PRODUCT_NAME = "$(TARGET_NAME)";
				SWIFT_EMIT_LOC_STRINGS = YES;
				SWIFT_VERSION = 5.0;
				TARGETED_DEVICE_FAMILY = "1,2";
			};
			name = Release;
		};
		962F1BC52B79DCD30051C4DA /* Debug */ = {
			isa = XCBuildConfiguration;
			buildSettings = {
				ALWAYS_EMBED_SWIFT_STANDARD_LIBRARIES = YES;
				BUNDLE_LOADER = "$(TEST_HOST)";
				CODE_SIGN_STYLE = Automatic;
				CURRENT_PROJECT_VERSION = 1;
				GENERATE_INFOPLIST_FILE = YES;
				IPHONEOS_DEPLOYMENT_TARGET = 17.2;
				MARKETING_VERSION = 1.0;
				PRODUCT_BUNDLE_IDENTIFIER = com.constant.JapaneseBenkyoTests;
				PRODUCT_NAME = "$(TARGET_NAME)";
				SWIFT_EMIT_LOC_STRINGS = NO;
				SWIFT_VERSION = 5.0;
				TARGETED_DEVICE_FAMILY = "1,2";
				TEST_HOST = "$(BUILT_PRODUCTS_DIR)/JapaneseBenkyo.app/$(BUNDLE_EXECUTABLE_FOLDER_PATH)/JapaneseBenkyo";
			};
			name = Debug;
		};
		962F1BC62B79DCD30051C4DA /* Release */ = {
			isa = XCBuildConfiguration;
			buildSettings = {
				ALWAYS_EMBED_SWIFT_STANDARD_LIBRARIES = YES;
				BUNDLE_LOADER = "$(TEST_HOST)";
				CODE_SIGN_STYLE = Automatic;
				CURRENT_PROJECT_VERSION = 1;
				GENERATE_INFOPLIST_FILE = YES;
				IPHONEOS_DEPLOYMENT_TARGET = 17.2;
				MARKETING_VERSION = 1.0;
				PRODUCT_BUNDLE_IDENTIFIER = com.constant.JapaneseBenkyoTests;
				PRODUCT_NAME = "$(TARGET_NAME)";
				SWIFT_EMIT_LOC_STRINGS = NO;
				SWIFT_VERSION = 5.0;
				TARGETED_DEVICE_FAMILY = "1,2";
				TEST_HOST = "$(BUILT_PRODUCTS_DIR)/JapaneseBenkyo.app/$(BUNDLE_EXECUTABLE_FOLDER_PATH)/JapaneseBenkyo";
			};
			name = Release;
		};
		962F1BC82B79DCD30051C4DA /* Debug */ = {
			isa = XCBuildConfiguration;
			buildSettings = {
				ALWAYS_EMBED_SWIFT_STANDARD_LIBRARIES = YES;
				CODE_SIGN_STYLE = Automatic;
				CURRENT_PROJECT_VERSION = 1;
				GENERATE_INFOPLIST_FILE = YES;
				MARKETING_VERSION = 1.0;
				PRODUCT_BUNDLE_IDENTIFIER = com.constant.JapaneseBenkyoUITests;
				PRODUCT_NAME = "$(TARGET_NAME)";
				SWIFT_EMIT_LOC_STRINGS = NO;
				SWIFT_VERSION = 5.0;
				TARGETED_DEVICE_FAMILY = "1,2";
				TEST_TARGET_NAME = JapaneseBenkyo;
			};
			name = Debug;
		};
		962F1BC92B79DCD30051C4DA /* Release */ = {
			isa = XCBuildConfiguration;
			buildSettings = {
				ALWAYS_EMBED_SWIFT_STANDARD_LIBRARIES = YES;
				CODE_SIGN_STYLE = Automatic;
				CURRENT_PROJECT_VERSION = 1;
				GENERATE_INFOPLIST_FILE = YES;
				MARKETING_VERSION = 1.0;
				PRODUCT_BUNDLE_IDENTIFIER = com.constant.JapaneseBenkyoUITests;
				PRODUCT_NAME = "$(TARGET_NAME)";
				SWIFT_EMIT_LOC_STRINGS = NO;
				SWIFT_VERSION = 5.0;
				TARGETED_DEVICE_FAMILY = "1,2";
				TEST_TARGET_NAME = JapaneseBenkyo;
			};
			name = Release;
		};
/* End XCBuildConfiguration section */

/* Begin XCConfigurationList section */
		962F1B922B79DCD10051C4DA /* Build configuration list for PBXProject "JapaneseBenkyo" */ = {
			isa = XCConfigurationList;
			buildConfigurations = (
				962F1BBF2B79DCD30051C4DA /* Debug */,
				962F1BC02B79DCD30051C4DA /* Release */,
			);
			defaultConfigurationIsVisible = 0;
			defaultConfigurationName = Release;
		};
		962F1BC12B79DCD30051C4DA /* Build configuration list for PBXNativeTarget "JapaneseBenkyo" */ = {
			isa = XCConfigurationList;
			buildConfigurations = (
				962F1BC22B79DCD30051C4DA /* Debug */,
				962F1BC32B79DCD30051C4DA /* Release */,
			);
			defaultConfigurationIsVisible = 0;
			defaultConfigurationName = Release;
		};
		962F1BC42B79DCD30051C4DA /* Build configuration list for PBXNativeTarget "JapaneseBenkyoTests" */ = {
			isa = XCConfigurationList;
			buildConfigurations = (
				962F1BC52B79DCD30051C4DA /* Debug */,
				962F1BC62B79DCD30051C4DA /* Release */,
			);
			defaultConfigurationIsVisible = 0;
			defaultConfigurationName = Release;
		};
		962F1BC72B79DCD30051C4DA /* Build configuration list for PBXNativeTarget "JapaneseBenkyoUITests" */ = {
			isa = XCConfigurationList;
			buildConfigurations = (
				962F1BC82B79DCD30051C4DA /* Debug */,
				962F1BC92B79DCD30051C4DA /* Release */,
			);
			defaultConfigurationIsVisible = 0;
			defaultConfigurationName = Release;
		};
/* End XCConfigurationList section */
	};
	rootObject = 962F1B8F2B79DCD10051C4DA /* Project object */;
}
